// !$*UTF8*$!
{
	archiveVersion = 1;
	classes = {
	};
	objectVersion = 46;
	objects = {

/* Begin PBXBuildFile section */
		4B7F20C11DE6F495001ABF60 /* Main.storyboard in Resources */ = {isa = PBXBuildFile; fileRef = 4B7F20BF1DE6F495001ABF60 /* Main.storyboard */; };
		4B7F20C61DE6F495001ABF60 /* Assets.xcassets in Resources */ = {isa = PBXBuildFile; fileRef = 4B7F20C51DE6F495001ABF60 /* Assets.xcassets */; };
		4B7F20C91DE6F495001ABF60 /* LaunchScreen.storyboard in Resources */ = {isa = PBXBuildFile; fileRef = 4B7F20C71DE6F495001ABF60 /* LaunchScreen.storyboard */; };
		4B7F20EE1DE71BE6001ABF60 /* SystemConfiguration.framework in Frameworks */ = {isa = PBXBuildFile; fileRef = 4B7F20ED1DE71BE6001ABF60 /* SystemConfiguration.framework */; };
		4BFC88EC1DE8A804004DB72E /* Category+CoreDataClass.m in Sources */ = {isa = PBXBuildFile; fileRef = 4BFC88E61DE8A761004DB72E /* Category+CoreDataClass.m */; };
		4BFC88ED1DE8A804004DB72E /* Category+CoreDataProperties.m in Sources */ = {isa = PBXBuildFile; fileRef = 4BFC88E81DE8A761004DB72E /* Category+CoreDataProperties.m */; };
		4BFC88EE1DE8A804004DB72E /* Version+CoreDataClass.m in Sources */ = {isa = PBXBuildFile; fileRef = 4B860AFA1DE874BE0031E23F /* Version+CoreDataClass.m */; };
		4BFC88EF1DE8A804004DB72E /* Version+CoreDataProperties.m in Sources */ = {isa = PBXBuildFile; fileRef = 4B860AFC1DE874BE0031E23F /* Version+CoreDataProperties.m */; };
		4BFC88F01DE8A804004DB72E /* Tour+CoreDataClass.m in Sources */ = {isa = PBXBuildFile; fileRef = 4B860AFE1DE874BE0031E23F /* Tour+CoreDataClass.m */; };
		4BFC88F11DE8A804004DB72E /* Tour+CoreDataProperties.m in Sources */ = {isa = PBXBuildFile; fileRef = 4B860B001DE874BE0031E23F /* Tour+CoreDataProperties.m */; };
		4BFC88F21DE8A804004DB72E /* AppDelegate.m in Sources */ = {isa = PBXBuildFile; fileRef = 4B7F20BA1DE6F495001ABF60 /* AppDelegate.m */; };
		4BFC88F31DE8A804004DB72E /* Model.m in Sources */ = {isa = PBXBuildFile; fileRef = 4B7F20D11DE6F68B001ABF60 /* Model.m */; };
		4BFC88F41DE8A804004DB72E /* Reachability.m in Sources */ = {isa = PBXBuildFile; fileRef = 4B7F20D41DE6F768001ABF60 /* Reachability.m */; };
		4BFC88F51DE8A804004DB72E /* NetworkManager.m in Sources */ = {isa = PBXBuildFile; fileRef = 4B7F20D71DE6F8CF001ABF60 /* NetworkManager.m */; };
		4BFC88F61DE8A804004DB72E /* GradientView.m in Sources */ = {isa = PBXBuildFile; fileRef = 4B860ACB1DE846970031E23F /* GradientView.m */; };
		4BFC88F71DE8A804004DB72E /* ToursListViewController.m in Sources */ = {isa = PBXBuildFile; fileRef = 4B7F20DD1DE6F977001ABF60 /* ToursListViewController.m */; };
		4BFC88F81DE8A804004DB72E /* DetailViewController.m in Sources */ = {isa = PBXBuildFile; fileRef = 4B7F20F31DE7357F001ABF60 /* DetailViewController.m */; };
		4BFC88F91DE8A804004DB72E /* SWRevealViewController.m in Sources */ = {isa = PBXBuildFile; fileRef = 4B7F20F01DE71D74001ABF60 /* SWRevealViewController.m */; };
		4BFC88FA1DE8A804004DB72E /* SlideMenuViewController.m in Sources */ = {isa = PBXBuildFile; fileRef = 4B860AC71DE83F240031E23F /* SlideMenuViewController.m */; };
		4BFC88FB1DE8A804004DB72E /* main.m in Sources */ = {isa = PBXBuildFile; fileRef = 4B7F20B71DE6F495001ABF60 /* main.m */; };
/* End PBXBuildFile section */

/* Begin PBXFileReference section */
		4B7F20B31DE6F495001ABF60 /* discounttravel_ios.app */ = {isa = PBXFileReference; explicitFileType = wrapper.application; includeInIndex = 0; path = discounttravel_ios.app; sourceTree = BUILT_PRODUCTS_DIR; };
		4B7F20B71DE6F495001ABF60 /* main.m */ = {isa = PBXFileReference; lastKnownFileType = sourcecode.c.objc; path = main.m; sourceTree = "<group>"; };
		4B7F20B91DE6F495001ABF60 /* AppDelegate.h */ = {isa = PBXFileReference; lastKnownFileType = sourcecode.c.h; path = AppDelegate.h; sourceTree = "<group>"; };
		4B7F20BA1DE6F495001ABF60 /* AppDelegate.m */ = {isa = PBXFileReference; lastKnownFileType = sourcecode.c.objc; path = AppDelegate.m; sourceTree = "<group>"; };
		4B7F20C01DE6F495001ABF60 /* Base */ = {isa = PBXFileReference; lastKnownFileType = file.storyboard; name = Base; path = Base.lproj/Main.storyboard; sourceTree = "<group>"; };
		4B7F20C31DE6F495001ABF60 /* discounttravel_ios.xcdatamodel */ = {isa = PBXFileReference; lastKnownFileType = wrapper.xcdatamodel; path = discounttravel_ios.xcdatamodel; sourceTree = "<group>"; };
		4B7F20C51DE6F495001ABF60 /* Assets.xcassets */ = {isa = PBXFileReference; lastKnownFileType = folder.assetcatalog; path = Assets.xcassets; sourceTree = "<group>"; };
		4B7F20C81DE6F495001ABF60 /* Base */ = {isa = PBXFileReference; lastKnownFileType = file.storyboard; name = Base; path = Base.lproj/LaunchScreen.storyboard; sourceTree = "<group>"; };
		4B7F20CA1DE6F495001ABF60 /* Info.plist */ = {isa = PBXFileReference; lastKnownFileType = text.plist.xml; path = Info.plist; sourceTree = "<group>"; };
		4B7F20D01DE6F68B001ABF60 /* Model.h */ = {isa = PBXFileReference; fileEncoding = 4; lastKnownFileType = sourcecode.c.h; path = Model.h; sourceTree = "<group>"; };
		4B7F20D11DE6F68B001ABF60 /* Model.m */ = {isa = PBXFileReference; fileEncoding = 4; lastKnownFileType = sourcecode.c.objc; path = Model.m; sourceTree = "<group>"; };
		4B7F20D31DE6F768001ABF60 /* Reachability.h */ = {isa = PBXFileReference; fileEncoding = 4; lastKnownFileType = sourcecode.c.h; path = Reachability.h; sourceTree = "<group>"; };
		4B7F20D41DE6F768001ABF60 /* Reachability.m */ = {isa = PBXFileReference; fileEncoding = 4; lastKnownFileType = sourcecode.c.objc; path = Reachability.m; sourceTree = "<group>"; };
		4B7F20D61DE6F8CF001ABF60 /* NetworkManager.h */ = {isa = PBXFileReference; fileEncoding = 4; lastKnownFileType = sourcecode.c.h; path = NetworkManager.h; sourceTree = "<group>"; };
		4B7F20D71DE6F8CF001ABF60 /* NetworkManager.m */ = {isa = PBXFileReference; fileEncoding = 4; lastKnownFileType = sourcecode.c.objc; path = NetworkManager.m; sourceTree = "<group>"; };
		4B7F20DC1DE6F977001ABF60 /* ToursListViewController.h */ = {isa = PBXFileReference; fileEncoding = 4; lastKnownFileType = sourcecode.c.h; path = ToursListViewController.h; sourceTree = "<group>"; };
		4B7F20DD1DE6F977001ABF60 /* ToursListViewController.m */ = {isa = PBXFileReference; fileEncoding = 4; lastKnownFileType = sourcecode.c.objc; path = ToursListViewController.m; sourceTree = "<group>"; };
		4B7F20ED1DE71BE6001ABF60 /* SystemConfiguration.framework */ = {isa = PBXFileReference; lastKnownFileType = wrapper.framework; name = SystemConfiguration.framework; path = System/Library/Frameworks/SystemConfiguration.framework; sourceTree = SDKROOT; };
		4B7F20EF1DE71D74001ABF60 /* SWRevealViewController.h */ = {isa = PBXFileReference; fileEncoding = 4; lastKnownFileType = sourcecode.c.h; path = SWRevealViewController.h; sourceTree = "<group>"; };
		4B7F20F01DE71D74001ABF60 /* SWRevealViewController.m */ = {isa = PBXFileReference; fileEncoding = 4; lastKnownFileType = sourcecode.c.objc; path = SWRevealViewController.m; sourceTree = "<group>"; };
		4B7F20F21DE7357F001ABF60 /* DetailViewController.h */ = {isa = PBXFileReference; fileEncoding = 4; lastKnownFileType = sourcecode.c.h; path = DetailViewController.h; sourceTree = "<group>"; };
		4B7F20F31DE7357F001ABF60 /* DetailViewController.m */ = {isa = PBXFileReference; fileEncoding = 4; lastKnownFileType = sourcecode.c.objc; path = DetailViewController.m; sourceTree = "<group>"; };
		4B860AC61DE83F240031E23F /* SlideMenuViewController.h */ = {isa = PBXFileReference; fileEncoding = 4; lastKnownFileType = sourcecode.c.h; path = SlideMenuViewController.h; sourceTree = "<group>"; };
		4B860AC71DE83F240031E23F /* SlideMenuViewController.m */ = {isa = PBXFileReference; fileEncoding = 4; lastKnownFileType = sourcecode.c.objc; path = SlideMenuViewController.m; sourceTree = "<group>"; };
		4B860ACA1DE846970031E23F /* GradientView.h */ = {isa = PBXFileReference; fileEncoding = 4; lastKnownFileType = sourcecode.c.h; path = GradientView.h; sourceTree = "<group>"; };
		4B860ACB1DE846970031E23F /* GradientView.m */ = {isa = PBXFileReference; fileEncoding = 4; lastKnownFileType = sourcecode.c.objc; path = GradientView.m; sourceTree = "<group>"; };
		4B860AF91DE874BE0031E23F /* Version+CoreDataClass.h */ = {isa = PBXFileReference; fileEncoding = 4; lastKnownFileType = sourcecode.c.h; path = "Version+CoreDataClass.h"; sourceTree = "<group>"; };
		4B860AFA1DE874BE0031E23F /* Version+CoreDataClass.m */ = {isa = PBXFileReference; fileEncoding = 4; lastKnownFileType = sourcecode.c.objc; path = "Version+CoreDataClass.m"; sourceTree = "<group>"; };
		4B860AFB1DE874BE0031E23F /* Version+CoreDataProperties.h */ = {isa = PBXFileReference; fileEncoding = 4; lastKnownFileType = sourcecode.c.h; path = "Version+CoreDataProperties.h"; sourceTree = "<group>"; };
		4B860AFC1DE874BE0031E23F /* Version+CoreDataProperties.m */ = {isa = PBXFileReference; fileEncoding = 4; lastKnownFileType = sourcecode.c.objc; path = "Version+CoreDataProperties.m"; sourceTree = "<group>"; };
		4B860AFD1DE874BE0031E23F /* Tour+CoreDataClass.h */ = {isa = PBXFileReference; fileEncoding = 4; lastKnownFileType = sourcecode.c.h; path = "Tour+CoreDataClass.h"; sourceTree = "<group>"; };
		4B860AFE1DE874BE0031E23F /* Tour+CoreDataClass.m */ = {isa = PBXFileReference; fileEncoding = 4; lastKnownFileType = sourcecode.c.objc; path = "Tour+CoreDataClass.m"; sourceTree = "<group>"; };
		4B860AFF1DE874BE0031E23F /* Tour+CoreDataProperties.h */ = {isa = PBXFileReference; fileEncoding = 4; lastKnownFileType = sourcecode.c.h; path = "Tour+CoreDataProperties.h"; sourceTree = "<group>"; };
		4B860B001DE874BE0031E23F /* Tour+CoreDataProperties.m */ = {isa = PBXFileReference; fileEncoding = 4; lastKnownFileType = sourcecode.c.objc; path = "Tour+CoreDataProperties.m"; sourceTree = "<group>"; };
		4BFC88E51DE8A761004DB72E /* Category+CoreDataClass.h */ = {isa = PBXFileReference; fileEncoding = 4; lastKnownFileType = sourcecode.c.h; path = "Category+CoreDataClass.h"; sourceTree = "<group>"; };
		4BFC88E61DE8A761004DB72E /* Category+CoreDataClass.m */ = {isa = PBXFileReference; fileEncoding = 4; lastKnownFileType = sourcecode.c.objc; path = "Category+CoreDataClass.m"; sourceTree = "<group>"; };
		4BFC88E71DE8A761004DB72E /* Category+CoreDataProperties.h */ = {isa = PBXFileReference; fileEncoding = 4; lastKnownFileType = sourcecode.c.h; path = "Category+CoreDataProperties.h"; sourceTree = "<group>"; };
		4BFC88E81DE8A761004DB72E /* Category+CoreDataProperties.m */ = {isa = PBXFileReference; fileEncoding = 4; lastKnownFileType = sourcecode.c.objc; path = "Category+CoreDataProperties.m"; sourceTree = "<group>"; };
/* End PBXFileReference section */

/* Begin PBXFrameworksBuildPhase section */
		4B7F20B01DE6F495001ABF60 /* Frameworks */ = {
			isa = PBXFrameworksBuildPhase;
			buildActionMask = 2147483647;
			files = (
				4B7F20EE1DE71BE6001ABF60 /* SystemConfiguration.framework in Frameworks */,
			);
			runOnlyForDeploymentPostprocessing = 0;
		};
/* End PBXFrameworksBuildPhase section */

/* Begin PBXGroup section */
		4B7F20AA1DE6F495001ABF60 = {
			isa = PBXGroup;
			children = (
				4B7F20B51DE6F495001ABF60 /* discounttravel_ios */,
				4B7F20B41DE6F495001ABF60 /* Products */,
				4B7F20EC1DE71BE6001ABF60 /* Frameworks */,
			);
			sourceTree = "<group>";
		};
		4B7F20B41DE6F495001ABF60 /* Products */ = {
			isa = PBXGroup;
			children = (
				4B7F20B31DE6F495001ABF60 /* discounttravel_ios.app */,
			);
			name = Products;
			sourceTree = "<group>";
		};
		4B7F20B51DE6F495001ABF60 /* discounttravel_ios */ = {
			isa = PBXGroup;
			children = (
				4B7F20DF1DE71828001ABF60 /* DBdata */,
				4B860AD41DE866D00031E23F /* Model */,
				4B860AD31DE866B20031E23F /* Network */,
				4B860AC91DE8467D0031E23F /* Views */,
				4B7F20F51DE7358B001ABF60 /* ViewControllers */,
				4B7F20BF1DE6F495001ABF60 /* Main.storyboard */,
				4B7F20C51DE6F495001ABF60 /* Assets.xcassets */,
				4B7F20C71DE6F495001ABF60 /* LaunchScreen.storyboard */,
				4B7F20CA1DE6F495001ABF60 /* Info.plist */,
				4B7F20B61DE6F495001ABF60 /* Supporting Files */,
			);
			path = discounttravel_ios;
			sourceTree = "<group>";
		};
		4B7F20B61DE6F495001ABF60 /* Supporting Files */ = {
			isa = PBXGroup;
			children = (
				4B7F20B71DE6F495001ABF60 /* main.m */,
			);
			name = "Supporting Files";
			sourceTree = "<group>";
		};
		4B7F20DF1DE71828001ABF60 /* DBdata */ = {
			isa = PBXGroup;
			children = (
				4BFC88E51DE8A761004DB72E /* Category+CoreDataClass.h */,
				4BFC88E61DE8A761004DB72E /* Category+CoreDataClass.m */,
				4BFC88E71DE8A761004DB72E /* Category+CoreDataProperties.h */,
				4BFC88E81DE8A761004DB72E /* Category+CoreDataProperties.m */,
				4B860AF91DE874BE0031E23F /* Version+CoreDataClass.h */,
				4B860AFA1DE874BE0031E23F /* Version+CoreDataClass.m */,
				4B860AFB1DE874BE0031E23F /* Version+CoreDataProperties.h */,
				4B860AFC1DE874BE0031E23F /* Version+CoreDataProperties.m */,
				4B860AFD1DE874BE0031E23F /* Tour+CoreDataClass.h */,
				4B860AFE1DE874BE0031E23F /* Tour+CoreDataClass.m */,
				4B860AFF1DE874BE0031E23F /* Tour+CoreDataProperties.h */,
				4B860B001DE874BE0031E23F /* Tour+CoreDataProperties.m */,
				4B7F20C21DE6F495001ABF60 /* discounttravel_ios.xcdatamodeld */,
			);
			name = DBdata;
			sourceTree = "<group>";
		};
		4B7F20EC1DE71BE6001ABF60 /* Frameworks */ = {
			isa = PBXGroup;
			children = (
				4B7F20ED1DE71BE6001ABF60 /* SystemConfiguration.framework */,
			);
			name = Frameworks;
			sourceTree = "<group>";
		};
		4B7F20F51DE7358B001ABF60 /* ViewControllers */ = {
			isa = PBXGroup;
			children = (
				4B7F20DC1DE6F977001ABF60 /* ToursListViewController.h */,
				4B7F20DD1DE6F977001ABF60 /* ToursListViewController.m */,
				4B7F20F21DE7357F001ABF60 /* DetailViewController.h */,
				4B7F20F31DE7357F001ABF60 /* DetailViewController.m */,
				4B7F20EF1DE71D74001ABF60 /* SWRevealViewController.h */,
				4B7F20F01DE71D74001ABF60 /* SWRevealViewController.m */,
				4B860AC61DE83F240031E23F /* SlideMenuViewController.h */,
				4B860AC71DE83F240031E23F /* SlideMenuViewController.m */,
			);
			name = ViewControllers;
			sourceTree = "<group>";
		};
		4B860AC91DE8467D0031E23F /* Views */ = {
			isa = PBXGroup;
			children = (
				4B860ACA1DE846970031E23F /* GradientView.h */,
				4B860ACB1DE846970031E23F /* GradientView.m */,
			);
			name = Views;
			sourceTree = "<group>";
		};
		4B860AD31DE866B20031E23F /* Network */ = {
			isa = PBXGroup;
			children = (
				4B7F20D31DE6F768001ABF60 /* Reachability.h */,
				4B7F20D41DE6F768001ABF60 /* Reachability.m */,
				4B7F20D61DE6F8CF001ABF60 /* NetworkManager.h */,
				4B7F20D71DE6F8CF001ABF60 /* NetworkManager.m */,
			);
			name = Network;
			sourceTree = "<group>";
		};
		4B860AD41DE866D00031E23F /* Model */ = {
			isa = PBXGroup;
			children = (
				4B7F20B91DE6F495001ABF60 /* AppDelegate.h */,
				4B7F20BA1DE6F495001ABF60 /* AppDelegate.m */,
				4B7F20D01DE6F68B001ABF60 /* Model.h */,
				4B7F20D11DE6F68B001ABF60 /* Model.m */,
			);
			name = Model;
			sourceTree = "<group>";
		};
/* End PBXGroup section */

/* Begin PBXNativeTarget section */
		4B7F20B21DE6F495001ABF60 /* discounttravel_ios */ = {
			isa = PBXNativeTarget;
			buildConfigurationList = 4B7F20CD1DE6F495001ABF60 /* Build configuration list for PBXNativeTarget "discounttravel_ios" */;
			buildPhases = (
				4B7F20B11DE6F495001ABF60 /* Resources */,
				4B7F20AF1DE6F495001ABF60 /* Sources */,
				4B7F20B01DE6F495001ABF60 /* Frameworks */,
			);
			buildRules = (
			);
			dependencies = (
			);
			name = discounttravel_ios;
			productName = discounttravel_ios;
			productReference = 4B7F20B31DE6F495001ABF60 /* discounttravel_ios.app */;
			productType = "com.apple.product-type.application";
		};
/* End PBXNativeTarget section */

/* Begin PBXProject section */
		4B7F20AB1DE6F495001ABF60 /* Project object */ = {
			isa = PBXProject;
			attributes = {
				LastUpgradeCheck = 0800;
				ORGANIZATIONNAME = "yuriy sych";
				TargetAttributes = {
					4B7F20B21DE6F495001ABF60 = {
						CreatedOnToolsVersion = 8.0;
						ProvisioningStyle = Automatic;
					};
				};
			};
			buildConfigurationList = 4B7F20AE1DE6F495001ABF60 /* Build configuration list for PBXProject "discounttravel_ios" */;
			compatibilityVersion = "Xcode 3.2";
			developmentRegion = English;
			hasScannedForEncodings = 0;
			knownRegions = (
				en,
				Base,
			);
			mainGroup = 4B7F20AA1DE6F495001ABF60;
			productRefGroup = 4B7F20B41DE6F495001ABF60 /* Products */;
			projectDirPath = "";
			projectRoot = "";
			targets = (
				4B7F20B21DE6F495001ABF60 /* discounttravel_ios */,
			);
		};
/* End PBXProject section */

/* Begin PBXResourcesBuildPhase section */
		4B7F20B11DE6F495001ABF60 /* Resources */ = {
			isa = PBXResourcesBuildPhase;
			buildActionMask = 2147483647;
			files = (
				4B7F20C91DE6F495001ABF60 /* LaunchScreen.storyboard in Resources */,
				4B7F20C61DE6F495001ABF60 /* Assets.xcassets in Resources */,
				4B7F20C11DE6F495001ABF60 /* Main.storyboard in Resources */,
			);
			runOnlyForDeploymentPostprocessing = 0;
		};
/* End PBXResourcesBuildPhase section */

/* Begin PBXSourcesBuildPhase section */
		4B7F20AF1DE6F495001ABF60 /* Sources */ = {
			isa = PBXSourcesBuildPhase;
			buildActionMask = 2147483647;
			files = (
				4BFC88EC1DE8A804004DB72E /* Category+CoreDataClass.m in Sources */,
				4BFC88ED1DE8A804004DB72E /* Category+CoreDataProperties.m in Sources */,
				4BFC88EE1DE8A804004DB72E /* Version+CoreDataClass.m in Sources */,
				4BFC88EF1DE8A804004DB72E /* Version+CoreDataProperties.m in Sources */,
				4BFC88F01DE8A804004DB72E /* Tour+CoreDataClass.m in Sources */,
				4BFC88F11DE8A804004DB72E /* Tour+CoreDataProperties.m in Sources */,
				4BFC88F21DE8A804004DB72E /* AppDelegate.m in Sources */,
				4BFC88F31DE8A804004DB72E /* Model.m in Sources */,
				4BFC88F41DE8A804004DB72E /* Reachability.m in Sources */,
				4BFC88F51DE8A804004DB72E /* NetworkManager.m in Sources */,
				4BFC88F61DE8A804004DB72E /* GradientView.m in Sources */,
				4BFC88F71DE8A804004DB72E /* ToursListViewController.m in Sources */,
				4BFC88F81DE8A804004DB72E /* DetailViewController.m in Sources */,
				4BFC88F91DE8A804004DB72E /* SWRevealViewController.m in Sources */,
				4BFC88FA1DE8A804004DB72E /* SlideMenuViewController.m in Sources */,
				4BFC88FB1DE8A804004DB72E /* main.m in Sources */,
			);
			runOnlyForDeploymentPostprocessing = 0;
		};
/* End PBXSourcesBuildPhase section */

/* Begin PBXVariantGroup section */
		4B7F20BF1DE6F495001ABF60 /* Main.storyboard */ = {
			isa = PBXVariantGroup;
			children = (
				4B7F20C01DE6F495001ABF60 /* Base */,
			);
			name = Main.storyboard;
			sourceTree = "<group>";
		};
		4B7F20C71DE6F495001ABF60 /* LaunchScreen.storyboard */ = {
			isa = PBXVariantGroup;
			children = (
				4B7F20C81DE6F495001ABF60 /* Base */,
			);
			name = LaunchScreen.storyboard;
			sourceTree = "<group>";
		};
/* End PBXVariantGroup section */

/* Begin XCBuildConfiguration section */
		4B7F20CB1DE6F495001ABF60 /* Debug */ = {
			isa = XCBuildConfiguration;
			buildSettings = {
				ALWAYS_SEARCH_USER_PATHS = NO;
				CLANG_ANALYZER_NONNULL = YES;
				CLANG_CXX_LANGUAGE_STANDARD = "gnu++0x";
				CLANG_CXX_LIBRARY = "libc++";
				CLANG_ENABLE_MODULES = YES;
				CLANG_ENABLE_OBJC_ARC = YES;
				CLANG_WARN_BOOL_CONVERSION = YES;
				CLANG_WARN_CONSTANT_CONVERSION = YES;
				CLANG_WARN_DIRECT_OBJC_ISA_USAGE = YES_ERROR;
				CLANG_WARN_DOCUMENTATION_COMMENTS = YES;
				CLANG_WARN_EMPTY_BODY = YES;
				CLANG_WARN_ENUM_CONVERSION = YES;
				CLANG_WARN_INFINITE_RECURSION = YES;
				CLANG_WARN_INT_CONVERSION = YES;
				CLANG_WARN_OBJC_ROOT_CLASS = YES_ERROR;
				CLANG_WARN_SUSPICIOUS_MOVES = YES;
				CLANG_WARN_UNREACHABLE_CODE = YES;
				CLANG_WARN__DUPLICATE_METHOD_MATCH = YES;
				"CODE_SIGN_IDENTITY[sdk=iphoneos*]" = "iPhone Developer";
				COPY_PHASE_STRIP = NO;
				DEBUG_INFORMATION_FORMAT = dwarf;
				ENABLE_STRICT_OBJC_MSGSEND = YES;
				ENABLE_TESTABILITY = YES;
				GCC_C_LANGUAGE_STANDARD = gnu99;
				GCC_DYNAMIC_NO_PIC = NO;
				GCC_NO_COMMON_BLOCKS = YES;
				GCC_OPTIMIZATION_LEVEL = 0;
				GCC_PREPROCESSOR_DEFINITIONS = (
					"DEBUG=1",
					"$(inherited)",
				);
				GCC_WARN_64_TO_32_BIT_CONVERSION = YES;
				GCC_WARN_ABOUT_RETURN_TYPE = YES_ERROR;
				GCC_WARN_UNDECLARED_SELECTOR = YES;
				GCC_WARN_UNINITIALIZED_AUTOS = YES_AGGRESSIVE;
				GCC_WARN_UNUSED_FUNCTION = YES;
				GCC_WARN_UNUSED_VARIABLE = YES;
				IPHONEOS_DEPLOYMENT_TARGET = 10.0;
				MTL_ENABLE_DEBUG_INFO = YES;
				ONLY_ACTIVE_ARCH = YES;
				SDKROOT = iphoneos;
				TARGETED_DEVICE_FAMILY = "1,2";
			};
			name = Debug;
		};
		4B7F20CC1DE6F495001ABF60 /* Release */ = {
			isa = XCBuildConfiguration;
			buildSettings = {
				ALWAYS_SEARCH_USER_PATHS = NO;
				CLANG_ANALYZER_NONNULL = YES;
				CLANG_CXX_LANGUAGE_STANDARD = "gnu++0x";
				CLANG_CXX_LIBRARY = "libc++";
				CLANG_ENABLE_MODULES = YES;
				CLANG_ENABLE_OBJC_ARC = YES;
				CLANG_WARN_BOOL_CONVERSION = YES;
				CLANG_WARN_CONSTANT_CONVERSION = YES;
				CLANG_WARN_DIRECT_OBJC_ISA_USAGE = YES_ERROR;
				CLANG_WARN_DOCUMENTATION_COMMENTS = YES;
				CLANG_WARN_EMPTY_BODY = YES;
				CLANG_WARN_ENUM_CONVERSION = YES;
				CLANG_WARN_INFINITE_RECURSION = YES;
				CLANG_WARN_INT_CONVERSION = YES;
				CLANG_WARN_OBJC_ROOT_CLASS = YES_ERROR;
				CLANG_WARN_SUSPICIOUS_MOVES = YES;
				CLANG_WARN_UNREACHABLE_CODE = YES;
				CLANG_WARN__DUPLICATE_METHOD_MATCH = YES;
				"CODE_SIGN_IDENTITY[sdk=iphoneos*]" = "iPhone Developer";
				COPY_PHASE_STRIP = NO;
				DEBUG_INFORMATION_FORMAT = "dwarf-with-dsym";
				ENABLE_NS_ASSERTIONS = NO;
				ENABLE_STRICT_OBJC_MSGSEND = YES;
				GCC_C_LANGUAGE_STANDARD = gnu99;
				GCC_NO_COMMON_BLOCKS = YES;
				GCC_WARN_64_TO_32_BIT_CONVERSION = YES;
				GCC_WARN_ABOUT_RETURN_TYPE = YES_ERROR;
				GCC_WARN_UNDECLARED_SELECTOR = YES;
				GCC_WARN_UNINITIALIZED_AUTOS = YES_AGGRESSIVE;
				GCC_WARN_UNUSED_FUNCTION = YES;
				GCC_WARN_UNUSED_VARIABLE = YES;
				IPHONEOS_DEPLOYMENT_TARGET = 10.0;
				MTL_ENABLE_DEBUG_INFO = NO;
				SDKROOT = iphoneos;
				TARGETED_DEVICE_FAMILY = "1,2";
				VALIDATE_PRODUCT = YES;
			};
			name = Release;
		};
		4B7F20CE1DE6F495001ABF60 /* Debug */ = {
			isa = XCBuildConfiguration;
			buildSettings = {
				ASSETCATALOG_COMPILER_APPICON_NAME = AppIcon;
				INFOPLIST_FILE = discounttravel_ios/Info.plist;
				LD_RUNPATH_SEARCH_PATHS = "$(inherited) @executable_path/Frameworks";
				PRODUCT_BUNDLE_IDENTIFIER = "com.sych.discounttravel-ios";
				PRODUCT_NAME = "$(TARGET_NAME)";
			};
			name = Debug;
		};
		4B7F20CF1DE6F495001ABF60 /* Release */ = {
			isa = XCBuildConfiguration;
			buildSettings = {
				ASSETCATALOG_COMPILER_APPICON_NAME = AppIcon;
				INFOPLIST_FILE = discounttravel_ios/Info.plist;
				LD_RUNPATH_SEARCH_PATHS = "$(inherited) @executable_path/Frameworks";
				PRODUCT_BUNDLE_IDENTIFIER = "com.sych.discounttravel-ios";
				PRODUCT_NAME = "$(TARGET_NAME)";
			};
			name = Release;
		};
/* End XCBuildConfiguration section */

/* Begin XCConfigurationList section */
		4B7F20AE1DE6F495001ABF60 /* Build configuration list for PBXProject "discounttravel_ios" */ = {
			isa = XCConfigurationList;
			buildConfigurations = (
				4B7F20CB1DE6F495001ABF60 /* Debug */,
				4B7F20CC1DE6F495001ABF60 /* Release */,
			);
			defaultConfigurationIsVisible = 0;
			defaultConfigurationName = Release;
		};
		4B7F20CD1DE6F495001ABF60 /* Build configuration list for PBXNativeTarget "discounttravel_ios" */ = {
			isa = XCConfigurationList;
			buildConfigurations = (
				4B7F20CE1DE6F495001ABF60 /* Debug */,
				4B7F20CF1DE6F495001ABF60 /* Release */,
			);
			defaultConfigurationIsVisible = 0;
			defaultConfigurationName = Release;
		};
/* End XCConfigurationList section */

/* Begin XCVersionGroup section */
		4B7F20C21DE6F495001ABF60 /* discounttravel_ios.xcdatamodeld */ = {
			isa = XCVersionGroup;
			children = (
				4B7F20C31DE6F495001ABF60 /* discounttravel_ios.xcdatamodel */,
			);
			currentVersion = 4B7F20C31DE6F495001ABF60 /* discounttravel_ios.xcdatamodel */;
			path = discounttravel_ios.xcdatamodeld;
			sourceTree = "<group>";
			versionGroupType = wrapper.xcdatamodel;
		};
/* End XCVersionGroup section */
	};
	rootObject = 4B7F20AB1DE6F495001ABF60 /* Project object */;
}
